// !$*UTF8*$!
{
	archiveVersion = 1;
	classes = {
	};
	objectVersion = 46;
	objects = {

/* Begin PBXBuildFile section */
		D1CFD5BA1E0EBB4E00E5FE23 /* AppDelegate.swift in Sources */ = {isa = PBXBuildFile; fileRef = D1CFD5B91E0EBB4E00E5FE23 /* AppDelegate.swift */; };
		D1CFD5BC1E0EBB4E00E5FE23 /* ViewController.swift in Sources */ = {isa = PBXBuildFile; fileRef = D1CFD5BB1E0EBB4E00E5FE23 /* ViewController.swift */; };
		D1CFD5BF1E0EBB4E00E5FE23 /* Main.storyboard in Resources */ = {isa = PBXBuildFile; fileRef = D1CFD5BD1E0EBB4E00E5FE23 /* Main.storyboard */; };
		D1CFD5C11E0EBB4E00E5FE23 /* Assets.xcassets in Resources */ = {isa = PBXBuildFile; fileRef = D1CFD5C01E0EBB4E00E5FE23 /* Assets.xcassets */; };
		D1CFD5C41E0EBB4E00E5FE23 /* LaunchScreen.storyboard in Resources */ = {isa = PBXBuildFile; fileRef = D1CFD5C21E0EBB4E00E5FE23 /* LaunchScreen.storyboard */; };
/* End PBXBuildFile section */

/* Begin PBXFileReference section */
		D1CFD5B61E0EBB4E00E5FE23 /* SafariViewControllerDemo.app */ = {isa = PBXFileReference; explicitFileType = wrapper.application; includeInIndex = 0; path = SafariViewControllerDemo.app; sourceTree = BUILT_PRODUCTS_DIR; };
		D1CFD5B91E0EBB4E00E5FE23 /* AppDelegate.swift */ = {isa = PBXFileReference; lastKnownFileType = sourcecode.swift; path = AppDelegate.swift; sourceTree = "<group>"; };
		D1CFD5BB1E0EBB4E00E5FE23 /* ViewController.swift */ = {isa = PBXFileReference; lastKnownFileType = sourcecode.swift; path = ViewController.swift; sourceTree = "<group>"; };
		D1CFD5BE1E0EBB4E00E5FE23 /* Base */ = {isa = PBXFileReference; lastKnownFileType = file.storyboard; name = Base; path = Base.lproj/Main.storyboard; sourceTree = "<group>"; };
		D1CFD5C01E0EBB4E00E5FE23 /* Assets.xcassets */ = {isa = PBXFileReference; lastKnownFileType = folder.assetcatalog; path = Assets.xcassets; sourceTree = "<group>"; };
		D1CFD5C31E0EBB4E00E5FE23 /* Base */ = {isa = PBXFileReference; lastKnownFileType = file.storyboard; name = Base; path = Base.lproj/LaunchScreen.storyboard; sourceTree = "<group>"; };
		D1CFD5C51E0EBB4E00E5FE23 /* Info.plist */ = {isa = PBXFileReference; lastKnownFileType = text.plist.xml; path = Info.plist; sourceTree = "<group>"; };
/* End PBXFileReference section */

/* Begin PBXFrameworksBuildPhase section */
		D1CFD5B31E0EBB4E00E5FE23 /* Frameworks */ = {
			isa = PBXFrameworksBuildPhase;
			buildActionMask = 2147483647;
			files = (
			);
			runOnlyForDeploymentPostprocessing = 0;
		};
/* End PBXFrameworksBuildPhase section */

/* Begin PBXGroup section */
		D1CFD5AD1E0EBB4E00E5FE23 = {
			isa = PBXGroup;
			children = (
				D1CFD5B81E0EBB4E00E5FE23 /* SafariViewControllerDemo */,
				D1CFD5B71E0EBB4E00E5FE23 /* Products */,
			);
			sourceTree = "<group>";
		};
		D1CFD5B71E0EBB4E00E5FE23 /* Products */ = {
			isa = PBXGroup;
			children = (
				D1CFD5B61E0EBB4E00E5FE23 /* SafariViewControllerDemo.app */,
			);
			name = Products;
			sourceTree = "<group>";
		};
		D1CFD5B81E0EBB4E00E5FE23 /* SafariViewControllerDemo */ = {
			isa = PBXGroup;
			children = (
				D1CFD5B91E0EBB4E00E5FE23 /* AppDelegate.swift */,
				D1CFD5BB1E0EBB4E00E5FE23 /* ViewController.swift */,
				D1CFD5BD1E0EBB4E00E5FE23 /* Main.storyboard */,
				D1CFD5C01E0EBB4E00E5FE23 /* Assets.xcassets */,
				D1CFD5C21E0EBB4E00E5FE23 /* LaunchScreen.storyboard */,
				D1CFD5C51E0EBB4E00E5FE23 /* Info.plist */,
			);
			name = SafariViewControllerDemo;
			path = SafariViewController;
			sourceTree = "<group>";
		};
/* End PBXGroup section */

/* Begin PBXNativeTarget section */
		D1CFD5B51E0EBB4E00E5FE23 /* SafariViewControllerDemo */ = {
			isa = PBXNativeTarget;
			buildConfigurationList = D1CFD5C81E0EBB4E00E5FE23 /* Build configuration list for PBXNativeTarget "SafariViewControllerDemo" */;
			buildPhases = (
				D1CFD5B21E0EBB4E00E5FE23 /* Sources */,
				D1CFD5B31E0EBB4E00E5FE23 /* Frameworks */,
				D1CFD5B41E0EBB4E00E5FE23 /* Resources */,
			);
			buildRules = (
			);
			dependencies = (
			);
			name = SafariViewControllerDemo;
			productName = SafariViewController;
			productReference = D1CFD5B61E0EBB4E00E5FE23 /* SafariViewControllerDemo.app */;
			productType = "com.apple.product-type.application";
		};
/* End PBXNativeTarget section */

/* Begin PBXProject section */
		D1CFD5AE1E0EBB4E00E5FE23 /* Project object */ = {
			isa = PBXProject;
			attributes = {
				LastSwiftUpdateCheck = 0810;
				LastUpgradeCheck = 0810;
				ORGANIZATIONNAME = sang;
				TargetAttributes = {
					D1CFD5B51E0EBB4E00E5FE23 = {
						CreatedOnToolsVersion = 8.1;
						DevelopmentTeam = 4W227SQZ26;
						ProvisioningStyle = Automatic;
					};
				};
			};
			buildConfigurationList = D1CFD5B11E0EBB4E00E5FE23 /* Build configuration list for PBXProject "SafariViewControllerDemo" */;
			compatibilityVersion = "Xcode 3.2";
			developmentRegion = English;
			hasScannedForEncodings = 0;
			knownRegions = (
				en,
				Base,
			);
			mainGroup = D1CFD5AD1E0EBB4E00E5FE23;
			productRefGroup = D1CFD5B71E0EBB4E00E5FE23 /* Products */;
			projectDirPath = "";
			projectRoot = "";
			targets = (
				D1CFD5B51E0EBB4E00E5FE23 /* SafariViewControllerDemo */,
			);
		};
/* End PBXProject section */

/* Begin PBXResourcesBuildPhase section */
		D1CFD5B41E0EBB4E00E5FE23 /* Resources */ = {
			isa = PBXResourcesBuildPhase;
			buildActionMask = 2147483647;
			files = (
				D1CFD5C41E0EBB4E00E5FE23 /* LaunchScreen.storyboard in Resources */,
				D1CFD5C11E0EBB4E00E5FE23 /* Assets.xcassets in Resources */,
				D1CFD5BF1E0EBB4E00E5FE23 /* Main.storyboard in Resources */,
			);
			runOnlyForDeploymentPostprocessing = 0;
		};
/* End PBXResourcesBuildPhase section */

/* Begin PBXSourcesBuildPhase section */
		D1CFD5B21E0EBB4E00E5FE23 /* Sources */ = {
			isa = PBXSourcesBuildPhase;
			buildActionMask = 2147483647;
			files = (
				D1CFD5BC1E0EBB4E00E5FE23 /* ViewController.swift in Sources */,
				D1CFD5BA1E0EBB4E00E5FE23 /* AppDelegate.swift in Sources */,
			);
			runOnlyForDeploymentPostprocessing = 0;
		};
/* End PBXSourcesBuildPhase section */

/* Begin PBXVariantGroup section */
		D1CFD5BD1E0EBB4E00E5FE23 /* Main.storyboard */ = {
			isa = PBXVariantGroup;
			children = (
				D1CFD5BE1E0EBB4E00E5FE23 /* Base */,
			);
			name = Main.storyboard;
			sourceTree = "<group>";
		};
		D1CFD5C21E0EBB4E00E5FE23 /* LaunchScreen.storyboard */ = {
			isa = PBXVariantGroup;
			children = (
				D1CFD5C31E0EBB4E00E5FE23 /* Base */,
			);
			name = LaunchScreen.storyboard;
			sourceTree = "<group>";
		};
/* End PBXVariantGroup section */

/* Begin XCBuildConfiguration section */
		D1CFD5C61E0EBB4E00E5FE23 /* Debug */ = {
			isa = XCBuildConfiguration;
			buildSettings = {
				ALWAYS_SEARCH_USER_PATHS = NO;
				CLANG_ANALYZER_NONNULL = YES;
				CLANG_CXX_LANGUAGE_STANDARD = "gnu++0x";
				CLANG_CXX_LIBRARY = "libc++";
				CLANG_ENABLE_MODULES = YES;
				CLANG_ENABLE_OBJC_ARC = YES;
				CLANG_WARN_BOOL_CONVERSION = YES;
				CLANG_WARN_CONSTANT_CONVERSION = YES;
				CLANG_WARN_DIRECT_OBJC_ISA_USAGE = YES_ERROR;
				CLANG_WARN_DOCUMENTATION_COMMENTS = YES;
				CLANG_WARN_EMPTY_BODY = YES;
				CLANG_WARN_ENUM_CONVERSION = YES;
				CLANG_WARN_INFINITE_RECURSION = YES;
				CLANG_WARN_INT_CONVERSION = YES;
				CLANG_WARN_OBJC_ROOT_CLASS = YES_ERROR;
				CLANG_WARN_SUSPICIOUS_MOVES = YES;
				CLANG_WARN_UNREACHABLE_CODE = YES;
				CLANG_WARN__DUPLICATE_METHOD_MATCH = YES;
				"CODE_SIGN_IDENTITY[sdk=iphoneos*]" = "iPhone Developer";
				COPY_PHASE_STRIP = NO;
				DEBUG_INFORMATION_FORMAT = dwarf;
				ENABLE_STRICT_OBJC_MSGSEND = YES;
				ENABLE_TESTABILITY = YES;
				GCC_C_LANGUAGE_STANDARD = gnu99;
				GCC_DYNAMIC_NO_PIC = NO;
				GCC_NO_COMMON_BLOCKS = YES;
				GCC_OPTIMIZATION_LEVEL = 0;
				GCC_PREPROCESSOR_DEFINITIONS = (
					"DEBUG=1",
					"$(inherited)",
				);
				GCC_WARN_64_TO_32_BIT_CONVERSION = YES;
				GCC_WARN_ABOUT_RETURN_TYPE = YES_ERROR;
				GCC_WARN_UNDECLARED_SELECTOR = YES;
				GCC_WARN_UNINITIALIZED_AUTOS = YES_AGGRESSIVE;
				GCC_WARN_UNUSED_FUNCTION = YES;
				GCC_WARN_UNUSED_VARIABLE = YES;
				IPHONEOS_DEPLOYMENT_TARGET = 10.1;
				MTL_ENABLE_DEBUG_INFO = YES;
				ONLY_ACTIVE_ARCH = YES;
				SDKROOT = iphoneos;
				SWIFT_ACTIVE_COMPILATION_CONDITIONS = DEBUG;
				SWIFT_OPTIMIZATION_LEVEL = "-Onone";
				TARGETED_DEVICE_FAMILY = "1,2";
			};
			name = Debug;
		};
		D1CFD5C71E0EBB4E00E5FE23 /* Release */ = {
			isa = XCBuildConfiguration;
			buildSettings = {
				ALWAYS_SEARCH_USER_PATHS = NO;
				CLANG_ANALYZER_NONNULL = YES;
				CLANG_CXX_LANGUAGE_STANDARD = "gnu++0x";
				CLANG_CXX_LIBRARY = "libc++";
				CLANG_ENABLE_MODULES = YES;
				CLANG_ENABLE_OBJC_ARC = YES;
				CLANG_WARN_BOOL_CONVERSION = YES;
				CLANG_WARN_CONSTANT_CONVERSION = YES;
				CLANG_WARN_DIRECT_OBJC_ISA_USAGE = YES_ERROR;
				CLANG_WARN_DOCUMENTATION_COMMENTS = YES;
				CLANG_WARN_EMPTY_BODY = YES;
				CLANG_WARN_ENUM_CONVERSION = YES;
				CLANG_WARN_INFINITE_RECURSION = YES;
				CLANG_WARN_INT_CONVERSION = YES;
				CLANG_WARN_OBJC_ROOT_CLASS = YES_ERROR;
				CLANG_WARN_SUSPICIOUS_MOVES = YES;
				CLANG_WARN_UNREACHABLE_CODE = YES;
				CLANG_WARN__DUPLICATE_METHOD_MATCH = YES;
				"CODE_SIGN_IDENTITY[sdk=iphoneos*]" = "iPhone Developer";
				COPY_PHASE_STRIP = NO;
				DEBUG_INFORMATION_FORMAT = "dwarf-with-dsym";
				ENABLE_NS_ASSERTIONS = NO;
				ENABLE_STRICT_OBJC_MSGSEND = YES;
				GCC_C_LANGUAGE_STANDARD = gnu99;
				GCC_NO_COMMON_BLOCKS = YES;
				GCC_WARN_64_TO_32_BIT_CONVERSION = YES;
				GCC_WARN_ABOUT_RETURN_TYPE = YES_ERROR;
				GCC_WARN_UNDECLARED_SELECTOR = YES;
				GCC_WARN_UNINITIALIZED_AUTOS = YES_AGGRESSIVE;
				GCC_WARN_UNUSED_FUNCTION = YES;
				GCC_WARN_UNUSED_VARIABLE = YES;
				IPHONEOS_DEPLOYMENT_TARGET = 10.1;
				MTL_ENABLE_DEBUG_INFO = NO;
				SDKROOT = iphoneos;
				SWIFT_OPTIMIZATION_LEVEL = "-Owholemodule";
				TARGETED_DEVICE_FAMILY = "1,2";
				VALIDATE_PRODUCT = YES;
			};
			name = Release;
		};
		D1CFD5C91E0EBB4E00E5FE23 /* Debug */ = {
			isa = XCBuildConfiguration;
			buildSettings = {
				ASSETCATALOG_COMPILER_APPICON_NAME = AppIcon;
				DEVELOPMENT_TEAM = 4W227SQZ26;
				INFOPLIST_FILE = SafariViewController/Info.plist;
				IPHONEOS_DEPLOYMENT_TARGET = 9.0;
				LD_RUNPATH_SEARCH_PATHS = "$(inherited) @executable_path/Frameworks";
				PRODUCT_BUNDLE_IDENTIFIER = com.sang.SafariViewControllerDemo;
				PRODUCT_NAME = "$(TARGET_NAME)";
				SWIFT_VERSION = 3.0;
			};
			name = Debug;
		};
		D1CFD5CA1E0EBB4E00E5FE23 /* Release */ = {
			isa = XCBuildConfiguration;
			buildSettings = {
				ASSETCATALOG_COMPILER_APPICON_NAME = AppIcon;
				DEVELOPMENT_TEAM = 4W227SQZ26;
				INFOPLIST_FILE = SafariViewController/Info.plist;
				IPHONEOS_DEPLOYMENT_TARGET = 9.0;
				LD_RUNPATH_SEARCH_PATHS = "$(inherited) @executable_path/Frameworks";
				PRODUCT_BUNDLE_IDENTIFIER = com.sang.SafariViewControllerDemo;
				PRODUCT_NAME = "$(TARGET_NAME)";
				SWIFT_VERSION = 3.0;
			};
			name = Release;
		};
/* End XCBuildConfiguration section */

/* Begin XCConfigurationList section */
		D1CFD5B11E0EBB4E00E5FE23 /* Build configuration list for PBXProject "SafariViewControllerDemo" */ = {
			isa = XCConfigurationList;
			buildConfigurations = (
				D1CFD5C61E0EBB4E00E5FE23 /* Debug */,
				D1CFD5C71E0EBB4E00E5FE23 /* Release */,
			);
			defaultConfigurationIsVisible = 0;
			defaultConfigurationName = Release;
		};
		D1CFD5C81E0EBB4E00E5FE23 /* Build configuration list for PBXNativeTarget "SafariViewControllerDemo" */ = {
			isa = XCConfigurationList;
			buildConfigurations = (
				D1CFD5C91E0EBB4E00E5FE23 /* Debug */,
				D1CFD5CA1E0EBB4E00E5FE23 /* Release */,
			);
			defaultConfigurationIsVisible = 0;
			defaultConfigurationName = Release;
		};
/* End XCConfigurationList section */
	};
	rootObject = D1CFD5AE1E0EBB4E00E5FE23 /* Project object */;
}
